// !$*UTF8*$!
{
	archiveVersion = 1;
	classes = {
	};
	objectVersion = 77;
	objects = {

/* Begin PBXBuildFile section */
		083279E54617649456B5E984 /* ProviderBrandIcon.swift in Sources */ = {isa = PBXBuildFile; fileRef = B194E3745E2C3E95856957B9 /* ProviderBrandIcon.swift */; };
		0E3549EB1D448FF6F3A137B0 /* ProviderIcon-zai.svg in Resources */ = {isa = PBXBuildFile; fileRef = 6C8949282BD76FA6EE9275F5 /* ProviderIcon-zai.svg */; };
		114426F4D0F5AE0EAF53AEF8 /* ProviderFetch.swift in Sources */ = {isa = PBXBuildFile; fileRef = D36BCCEB4227F188DBA0CCA5 /* ProviderFetch.swift */; };
		24B4B004BA370A151F73DE07 /* ProviderSwitcherView.swift in Sources */ = {isa = PBXBuildFile; fileRef = AC8504334CEB7370F26F37C0 /* ProviderSwitcherView.swift */; };
		4155E61EC553A630AC3AA415 /* Assets.xcassets in Resources */ = {isa = PBXBuildFile; fileRef = 037DB586397E04433226EAB2 /* Assets.xcassets */; };
		443BE169D9FA406C4D14AE60 /* UsageMenuCardLayout.swift in Sources */ = {isa = PBXBuildFile; fileRef = E3A2B1B3E3A45269AA9C8208 /* UsageMenuCardLayout.swift */; };
		4E5F1DF2FD612E828E432BA4 /* MenuCardMetricRow.swift in Sources */ = {isa = PBXBuildFile; fileRef = 5D0CADC20470DEB245F4AFF3 /* MenuCardMetricRow.swift */; };
		5060EC658F3807A609C388CD /* CodexGlue.swift in Sources */ = {isa = PBXBuildFile; fileRef = 030C07ED34AE40517DD5F5EF /* CodexGlue.swift */; };
		50C35AF8EF502A5B37A06979 /* UsagePace.swift in Sources */ = {isa = PBXBuildFile; fileRef = 90471FA2AE70C3F22FD6054D /* UsagePace.swift */; };
		50D2ED9C1330C84261EF3B2A /* ProviderSwitcherButtons.swift in Sources */ = {isa = PBXBuildFile; fileRef = 712D78EF24925B8802A5AC2D /* ProviderSwitcherButtons.swift */; };
		5E592E799D0FBD44DB18CD54 /* ProviderIcon-claude.svg in Resources */ = {isa = PBXBuildFile; fileRef = 51638F3F017BA22017D08AE9 /* ProviderIcon-claude.svg */; };
		5EED3F40853828461CF0F8ED /* MenuHighlightStyle.swift in Sources */ = {isa = PBXBuildFile; fileRef = 60A4C42158155EF753D4D0FF /* MenuHighlightStyle.swift */; };
		7D55A9A5BA5581B866A4FDE9 /* Double+Clamped.swift in Sources */ = {isa = PBXBuildFile; fileRef = 62E8916F2F973BC75BD1D490 /* Double+Clamped.swift */; };
		7DCC92B945236C5514189C55 /* DrizzleStore.swift in Sources */ = {isa = PBXBuildFile; fileRef = 3C82F225453874E6AF93D2D4 /* DrizzleStore.swift */; };
		A00000000000000000000001 /* LoginItemController.swift in Sources */ = {isa = PBXBuildFile; fileRef = A00000000000000000000002 /* LoginItemController.swift */; };
		8A345F9B2EB5129405854936 /* UsagePaceText.swift in Sources */ = {isa = PBXBuildFile; fileRef = E891E0A65C714C947035C18E /* UsagePaceText.swift */; };
		8D1D22DBE2ABC52085E878A3 /* SettingsWindow.swift in Sources */ = {isa = PBXBuildFile; fileRef = 2144C72C470F6E3703317579 /* SettingsWindow.swift */; };
		940BE6957BAE4AF09F2AC848 /* QuotaMenu.swift in Sources */ = {isa = PBXBuildFile; fileRef = EBD85BA3FC7E80D20B67CB93 /* QuotaMenu.swift */; };
		9E3AE2BFCAC3569C8998E244 /* Drizzle.icon in Resources */ = {isa = PBXBuildFile; fileRef = 1DB3042E408D8D08D7B3C4E1 /* Drizzle.icon */; };
		A69BE0583F86D39360CAF6D4 /* ProviderPace.swift in Sources */ = {isa = PBXBuildFile; fileRef = 12248976C027919AD38F683B /* ProviderPace.swift */; };
		A73371DD9930B322C8043F41 /* DrizzleApp.swift in Sources */ = {isa = PBXBuildFile; fileRef = 70AEE06312F49E20EFEAA38A /* DrizzleApp.swift */; };
		AC3DF9B5545F024BCC83903C /* ProviderIcon-cursor.svg in Resources */ = {isa = PBXBuildFile; fileRef = 7BC12281E3C8240FF029FD3C /* ProviderIcon-cursor.svg */; };
		BB0E36ECC803AB09730661D5 /* AppDelegate.swift in Sources */ = {isa = PBXBuildFile; fileRef = 6EF2DC5C1A428C5ABFA8DF87 /* AppDelegate.swift */; };
		BCAAFEE7C38828F31AB55B6F /* Localizable.strings in Resources */ = {isa = PBXBuildFile; fileRef = 1FD66369594E7E85450AD3B0 /* Localizable.strings */; };
		CAED2D33D91A2432BB2B9B01 /* ProviderIcon-codex.svg in Resources */ = {isa = PBXBuildFile; fileRef = E159B8F1950A3E1DFB6DFDB6 /* ProviderIcon-codex.svg */; };
		D9F27CECDFCE56646B6D0968 /* UsageMenuCardMetric.swift in Sources */ = {isa = PBXBuildFile; fileRef = 6E086114DB154138DAE44916 /* UsageMenuCardMetric.swift */; };
		DE15730C91EFE5F6881DBDC4 /* UsageFormatter.swift in Sources */ = {isa = PBXBuildFile; fileRef = 6E0FD5C0F0A2707F7A11D2DA /* UsageFormatter.swift */; };
		DF500B3E5E9A79E1BE07D674 /* MenuBarIcon.swift in Sources */ = {isa = PBXBuildFile; fileRef = B839DF105DA501A8C6D39865 /* MenuBarIcon.swift */; };
		E41669A6C6BA68B91436F005 /* UsageProgressBar.swift in Sources */ = {isa = PBXBuildFile; fileRef = 5C8AE1C755CEEA0BDA36690B /* UsageProgressBar.swift */; };
		F5A470CC8463E92B47F0AC3F /* ProviderIcon-openrouter.svg in Resources */ = {isa = PBXBuildFile; fileRef = FF742F1069CFFD268A592BD1 /* ProviderIcon-openrouter.svg */; };
/* End PBXBuildFile section */

/* Begin PBXFileReference section */
		030C07ED34AE40517DD5F5EF /* CodexGlue.swift */ = {isa = PBXFileReference; lastKnownFileType = sourcecode.swift; path = CodexGlue.swift; sourceTree = "<group>"; };
		037DB586397E04433226EAB2 /* Assets.xcassets */ = {isa = PBXFileReference; lastKnownFileType = folder.assetcatalog; path = Assets.xcassets; sourceTree = "<group>"; };
		12248976C027919AD38F683B /* ProviderPace.swift */ = {isa = PBXFileReference; lastKnownFileType = sourcecode.swift; path = ProviderPace.swift; sourceTree = "<group>"; };
		1DB3042E408D8D08D7B3C4E1 /* Drizzle.icon */ = {isa = PBXFileReference; lastKnownFileType = folder.iconcomposer.icon; path = Drizzle.icon; sourceTree = SOURCE_ROOT; };
		1FD66369594E7E85450AD3B0 /* Localizable.strings */ = {isa = PBXFileReference; lastKnownFileType = text.plist.strings; name = Localizable.strings; path = "zh-Hans.lproj/Localizable.strings"; sourceTree = "<group>"; };
		2144C72C470F6E3703317579 /* SettingsWindow.swift */ = {isa = PBXFileReference; lastKnownFileType = sourcecode.swift; path = SettingsWindow.swift; sourceTree = "<group>"; };
		25830DD33D6776A572F4FDEA /* Drizzle.app */ = {isa = PBXFileReference; explicitFileType = wrapper.application; includeInIndex = 0; path = Drizzle.app; sourceTree = BUILT_PRODUCTS_DIR; };
		3C82F225453874E6AF93D2D4 /* DrizzleStore.swift */ = {isa = PBXFileReference; lastKnownFileType = sourcecode.swift; path = DrizzleStore.swift; sourceTree = "<group>"; };
		A00000000000000000000002 /* LoginItemController.swift */ = {isa = PBXFileReference; lastKnownFileType = sourcecode.swift; path = LoginItemController.swift; sourceTree = "<group>"; };
		51638F3F017BA22017D08AE9 /* ProviderIcon-claude.svg */ = {isa = PBXFileReference; path = "ProviderIcon-claude.svg"; sourceTree = "<group>"; };
		5C8AE1C755CEEA0BDA36690B /* UsageProgressBar.swift */ = {isa = PBXFileReference; lastKnownFileType = sourcecode.swift; path = UsageProgressBar.swift; sourceTree = "<group>"; };
		5D0CADC20470DEB245F4AFF3 /* MenuCardMetricRow.swift */ = {isa = PBXFileReference; lastKnownFileType = sourcecode.swift; path = MenuCardMetricRow.swift; sourceTree = "<group>"; };
		60A4C42158155EF753D4D0FF /* MenuHighlightStyle.swift */ = {isa = PBXFileReference; lastKnownFileType = sourcecode.swift; path = MenuHighlightStyle.swift; sourceTree = "<group>"; };
		62E8916F2F973BC75BD1D490 /* Double+Clamped.swift */ = {isa = PBXFileReference; lastKnownFileType = sourcecode.swift; path = "Double+Clamped.swift"; sourceTree = "<group>"; };
		6C8949282BD76FA6EE9275F5 /* ProviderIcon-zai.svg */ = {isa = PBXFileReference; path = "ProviderIcon-zai.svg"; sourceTree = "<group>"; };
		6E086114DB154138DAE44916 /* UsageMenuCardMetric.swift */ = {isa = PBXFileReference; lastKnownFileType = sourcecode.swift; path = UsageMenuCardMetric.swift; sourceTree = "<group>"; };
		6E0FD5C0F0A2707F7A11D2DA /* UsageFormatter.swift */ = {isa = PBXFileReference; lastKnownFileType = sourcecode.swift; path = UsageFormatter.swift; sourceTree = "<group>"; };
		6EF2DC5C1A428C5ABFA8DF87 /* AppDelegate.swift */ = {isa = PBXFileReference; lastKnownFileType = sourcecode.swift; path = AppDelegate.swift; sourceTree = "<group>"; };
		70AEE06312F49E20EFEAA38A /* DrizzleApp.swift */ = {isa = PBXFileReference; lastKnownFileType = sourcecode.swift; path = DrizzleApp.swift; sourceTree = "<group>"; };
		712D78EF24925B8802A5AC2D /* ProviderSwitcherButtons.swift */ = {isa = PBXFileReference; lastKnownFileType = sourcecode.swift; path = ProviderSwitcherButtons.swift; sourceTree = "<group>"; };
		7BC12281E3C8240FF029FD3C /* ProviderIcon-cursor.svg */ = {isa = PBXFileReference; path = "ProviderIcon-cursor.svg"; sourceTree = "<group>"; };
		90471FA2AE70C3F22FD6054D /* UsagePace.swift */ = {isa = PBXFileReference; lastKnownFileType = sourcecode.swift; path = UsagePace.swift; sourceTree = "<group>"; };
		AC8504334CEB7370F26F37C0 /* ProviderSwitcherView.swift */ = {isa = PBXFileReference; lastKnownFileType = sourcecode.swift; path = ProviderSwitcherView.swift; sourceTree = "<group>"; };
		B194E3745E2C3E95856957B9 /* ProviderBrandIcon.swift */ = {isa = PBXFileReference; lastKnownFileType = sourcecode.swift; path = ProviderBrandIcon.swift; sourceTree = "<group>"; };
		B839DF105DA501A8C6D39865 /* MenuBarIcon.swift */ = {isa = PBXFileReference; lastKnownFileType = sourcecode.swift; path = MenuBarIcon.swift; sourceTree = "<group>"; };
		D36BCCEB4227F188DBA0CCA5 /* ProviderFetch.swift */ = {isa = PBXFileReference; lastKnownFileType = sourcecode.swift; path = ProviderFetch.swift; sourceTree = "<group>"; };
		E159B8F1950A3E1DFB6DFDB6 /* ProviderIcon-codex.svg */ = {isa = PBXFileReference; path = "ProviderIcon-codex.svg"; sourceTree = "<group>"; };
		E3A2B1B3E3A45269AA9C8208 /* UsageMenuCardLayout.swift */ = {isa = PBXFileReference; lastKnownFileType = sourcecode.swift; path = UsageMenuCardLayout.swift; sourceTree = "<group>"; };
		E891E0A65C714C947035C18E /* UsagePaceText.swift */ = {isa = PBXFileReference; lastKnownFileType = sourcecode.swift; path = UsagePaceText.swift; sourceTree = "<group>"; };
		EBD85BA3FC7E80D20B67CB93 /* QuotaMenu.swift */ = {isa = PBXFileReference; lastKnownFileType = sourcecode.swift; path = QuotaMenu.swift; sourceTree = "<group>"; };
		FF742F1069CFFD268A592BD1 /* ProviderIcon-openrouter.svg */ = {isa = PBXFileReference; path = "ProviderIcon-openrouter.svg"; sourceTree = "<group>"; };
/* End PBXFileReference section */

/* Begin PBXGroup section */
		102A3916CC33EE93C6D3FBA1 /* Products */ = {
			isa = PBXGroup;
			children = (
				25830DD33D6776A572F4FDEA /* Drizzle.app */,
			);
			name = Products;
			sourceTree = "<group>";
		};
		44958E97B60BA10D8D6D42D1 /* Drizzle */ = {
			isa = PBXGroup;
			children = (
				6EF2DC5C1A428C5ABFA8DF87 /* AppDelegate.swift */,
				037DB586397E04433226EAB2 /* Assets.xcassets */,
				030C07ED34AE40517DD5F5EF /* CodexGlue.swift */,
				62E8916F2F973BC75BD1D490 /* Double+Clamped.swift */,
				70AEE06312F49E20EFEAA38A /* DrizzleApp.swift */,
				3C82F225453874E6AF93D2D4 /* DrizzleStore.swift */,
				A00000000000000000000002 /* LoginItemController.swift */,
				1FD66369594E7E85450AD3B0 /* Localizable.strings */,
				B839DF105DA501A8C6D39865 /* MenuBarIcon.swift */,
				5D0CADC20470DEB245F4AFF3 /* MenuCardMetricRow.swift */,
				60A4C42158155EF753D4D0FF /* MenuHighlightStyle.swift */,
				B194E3745E2C3E95856957B9 /* ProviderBrandIcon.swift */,
				D36BCCEB4227F188DBA0CCA5 /* ProviderFetch.swift */,
				12248976C027919AD38F683B /* ProviderPace.swift */,
				712D78EF24925B8802A5AC2D /* ProviderSwitcherButtons.swift */,
				AC8504334CEB7370F26F37C0 /* ProviderSwitcherView.swift */,
				EBD85BA3FC7E80D20B67CB93 /* QuotaMenu.swift */,
				2144C72C470F6E3703317579 /* SettingsWindow.swift */,
				6E0FD5C0F0A2707F7A11D2DA /* UsageFormatter.swift */,
				E3A2B1B3E3A45269AA9C8208 /* UsageMenuCardLayout.swift */,
				6E086114DB154138DAE44916 /* UsageMenuCardMetric.swift */,
				90471FA2AE70C3F22FD6054D /* UsagePace.swift */,
				E891E0A65C714C947035C18E /* UsagePaceText.swift */,
				5C8AE1C755CEEA0BDA36690B /* UsageProgressBar.swift */,
				9832E3A505C147178F5DBB0D /* Resources */,
			);
			path = Drizzle;
			sourceTree = "<group>";
		};
		9832E3A505C147178F5DBB0D /* Resources */ = {
			isa = PBXGroup;
			children = (
				51638F3F017BA22017D08AE9 /* ProviderIcon-claude.svg */,
				E159B8F1950A3E1DFB6DFDB6 /* ProviderIcon-codex.svg */,
				7BC12281E3C8240FF029FD3C /* ProviderIcon-cursor.svg */,
				FF742F1069CFFD268A592BD1 /* ProviderIcon-openrouter.svg */,
				6C8949282BD76FA6EE9275F5 /* ProviderIcon-zai.svg */,
			);
			path = Resources;
			sourceTree = "<group>";
		};
		E306A7483369CFAE0EAA83EE = {
			isa = PBXGroup;
			children = (
				1DB3042E408D8D08D7B3C4E1 /* Drizzle.icon */,
				44958E97B60BA10D8D6D42D1 /* Drizzle */,
				102A3916CC33EE93C6D3FBA1 /* Products */,
			);
			sourceTree = "<group>";
		};
/* End PBXGroup section */

/* Begin PBXNativeTarget section */
		CC2C47AF84113E7DEE8741D1 /* Drizzle */ = {
			isa = PBXNativeTarget;
			buildConfigurationList = F0F28A628F6F203D9988AFFC /* Build configuration list for PBXNativeTarget "Drizzle" */;
			buildPhases = (
				E54FB23094497D6BB46FF7FC /* Sources */,
				38E39224A25F6595906D6807 /* Resources */,
			);
			buildRules = (
			);
			dependencies = (
			);
			name = Drizzle;
			packageProductDependencies = (
			);
			productName = Drizzle;
			productReference = 25830DD33D6776A572F4FDEA /* Drizzle.app */;
			productType = "com.apple.product-type.application";
		};
/* End PBXNativeTarget section */

/* Begin PBXProject section */
		16ACAAF17E6BE6591C88BE20 /* Project object */ = {
			isa = PBXProject;
			attributes = {
				BuildIndependentTargetsInParallel = YES;
				LastUpgradeCheck = 1430;
				TargetAttributes = {
					CC2C47AF84113E7DEE8741D1 = {
						ProvisioningStyle = Automatic;
					};
				};
			};
			buildConfigurationList = 5C89225C4563768C265C2611 /* Build configuration list for PBXProject "Drizzle" */;
			developmentRegion = en;
			hasScannedForEncodings = 0;
			knownRegions = (
				Base,
				en,
				"zh-Hans",
			);
			mainGroup = E306A7483369CFAE0EAA83EE;
			minimizedProjectReferenceProxies = 1;
			preferredProjectObjectVersion = 77;
			productRefGroup = 102A3916CC33EE93C6D3FBA1 /* Products */;
			projectDirPath = "";
			projectRoot = "";
			targets = (
				CC2C47AF84113E7DEE8741D1 /* Drizzle */,
			);
		};
/* End PBXProject section */

/* Begin PBXResourcesBuildPhase section */
		38E39224A25F6595906D6807 /* Resources */ = {
			isa = PBXResourcesBuildPhase;
			buildActionMask = 2147483647;
			files = (
				4155E61EC553A630AC3AA415 /* Assets.xcassets in Resources */,
				9E3AE2BFCAC3569C8998E244 /* Drizzle.icon in Resources */,
				BCAAFEE7C38828F31AB55B6F /* Localizable.strings in Resources */,
				5E592E799D0FBD44DB18CD54 /* ProviderIcon-claude.svg in Resources */,
				CAED2D33D91A2432BB2B9B01 /* ProviderIcon-codex.svg in Resources */,
				AC3DF9B5545F024BCC83903C /* ProviderIcon-cursor.svg in Resources */,
				F5A470CC8463E92B47F0AC3F /* ProviderIcon-openrouter.svg in Resources */,
				0E3549EB1D448FF6F3A137B0 /* ProviderIcon-zai.svg in Resources */,
			);
			runOnlyForDeploymentPostprocessing = 0;
		};
/* End PBXResourcesBuildPhase section */

/* Begin PBXSourcesBuildPhase section */
		E54FB23094497D6BB46FF7FC /* Sources */ = {
			isa = PBXSourcesBuildPhase;
			buildActionMask = 2147483647;
			files = (
				BB0E36ECC803AB09730661D5 /* AppDelegate.swift in Sources */,
				5060EC658F3807A609C388CD /* CodexGlue.swift in Sources */,
				7D55A9A5BA5581B866A4FDE9 /* Double+Clamped.swift in Sources */,
				A73371DD9930B322C8043F41 /* DrizzleApp.swift in Sources */,
				7DCC92B945236C5514189C55 /* DrizzleStore.swift in Sources */,
				A00000000000000000000001 /* LoginItemController.swift in Sources */,
				DF500B3E5E9A79E1BE07D674 /* MenuBarIcon.swift in Sources */,
				4E5F1DF2FD612E828E432BA4 /* MenuCardMetricRow.swift in Sources */,
				5EED3F40853828461CF0F8ED /* MenuHighlightStyle.swift in Sources */,
				083279E54617649456B5E984 /* ProviderBrandIcon.swift in Sources */,
				114426F4D0F5AE0EAF53AEF8 /* ProviderFetch.swift in Sources */,
				A69BE0583F86D39360CAF6D4 /* ProviderPace.swift in Sources */,
				50D2ED9C1330C84261EF3B2A /* ProviderSwitcherButtons.swift in Sources */,
				24B4B004BA370A151F73DE07 /* ProviderSwitcherView.swift in Sources */,
				940BE6957BAE4AF09F2AC848 /* QuotaMenu.swift in Sources */,
				8D1D22DBE2ABC52085E878A3 /* SettingsWindow.swift in Sources */,
				DE15730C91EFE5F6881DBDC4 /* UsageFormatter.swift in Sources */,
				443BE169D9FA406C4D14AE60 /* UsageMenuCardLayout.swift in Sources */,
				D9F27CECDFCE56646B6D0968 /* UsageMenuCardMetric.swift in Sources */,
				50C35AF8EF502A5B37A06979 /* UsagePace.swift in Sources */,
				8A345F9B2EB5129405854936 /* UsagePaceText.swift in Sources */,
				E41669A6C6BA68B91436F005 /* UsageProgressBar.swift in Sources */,
			);
			runOnlyForDeploymentPostprocessing = 0;
		};
/* End PBXSourcesBuildPhase section */

/* Begin XCBuildConfiguration section */
		2AB6298AE436AC168C1D3530 /* Debug */ = {
			isa = XCBuildConfiguration;
			buildSettings = {
				ALWAYS_SEARCH_USER_PATHS = NO;
				CLANG_ANALYZER_NONNULL = YES;
				CLANG_ANALYZER_NUMBER_OBJECT_CONVERSION = YES_AGGRESSIVE;
				CLANG_CXX_LANGUAGE_STANDARD = "gnu++14";
				CLANG_CXX_LIBRARY = "libc++";
				CLANG_ENABLE_MODULES = YES;
				CLANG_ENABLE_OBJC_ARC = YES;
				CLANG_ENABLE_OBJC_WEAK = YES;
				CLANG_WARN_BLOCK_CAPTURE_AUTORELEASING = YES;
				CLANG_WARN_BOOL_CONVERSION = YES;
				CLANG_WARN_COMMA = YES;
				CLANG_WARN_CONSTANT_CONVERSION = YES;
				CLANG_WARN_DEPRECATED_OBJC_IMPLEMENTATIONS = YES;
				CLANG_WARN_DIRECT_OBJC_ISA_USAGE = YES_ERROR;
				CLANG_WARN_DOCUMENTATION_COMMENTS = YES;
				CLANG_WARN_EMPTY_BODY = YES;
				CLANG_WARN_ENUM_CONVERSION = YES;
				CLANG_WARN_INFINITE_RECURSION = YES;
				CLANG_WARN_INT_CONVERSION = YES;
				CLANG_WARN_NON_LITERAL_NULL_CONVERSION = YES;
				CLANG_WARN_OBJC_IMPLICIT_RETAIN_SELF = YES;
				CLANG_WARN_OBJC_LITERAL_CONVERSION = YES;
				CLANG_WARN_OBJC_ROOT_CLASS = YES_ERROR;
				CLANG_WARN_QUOTED_INCLUDE_IN_FRAMEWORK_HEADER = YES;
				CLANG_WARN_RANGE_LOOP_ANALYSIS = YES;
				CLANG_WARN_STRICT_PROTOTYPES = YES;
				CLANG_WARN_SUSPICIOUS_MOVE = YES;
				CLANG_WARN_UNGUARDED_AVAILABILITY = YES_AGGRESSIVE;
				CLANG_WARN_UNREACHABLE_CODE = YES;
				CLANG_WARN__DUPLICATE_METHOD_MATCH = YES;
				COPY_PHASE_STRIP = NO;
				CURRENT_PROJECT_VERSION = 1;
				DEBUG_INFORMATION_FORMAT = dwarf;
				DEVELOPMENT_LANGUAGE = "zh-Hans";
				ENABLE_STRICT_OBJC_MSGSEND = YES;
				ENABLE_TESTABILITY = YES;
				GCC_C_LANGUAGE_STANDARD = gnu11;
				GCC_DYNAMIC_NO_PIC = NO;
				GCC_NO_COMMON_BLOCKS = YES;
				GCC_OPTIMIZATION_LEVEL = 0;
				GCC_PREPROCESSOR_DEFINITIONS = (
					"$(inherited)",
					"DEBUG=1",
				);
				GCC_WARN_64_TO_32_BIT_CONVERSION = YES;
				GCC_WARN_ABOUT_RETURN_TYPE = YES_ERROR;
				GCC_WARN_UNDECLARED_SELECTOR = YES;
				GCC_WARN_UNINITIALIZED_AUTOS = YES_AGGRESSIVE;
				GCC_WARN_UNUSED_FUNCTION = YES;
				GCC_WARN_UNUSED_VARIABLE = YES;
				MACOSX_DEPLOYMENT_TARGET = 15.0;
				MARKETING_VERSION = 0.1.0;
				MTL_ENABLE_DEBUG_INFO = INCLUDE_SOURCE;
				MTL_FAST_MATH = YES;
				ONLY_ACTIVE_ARCH = YES;
				PRODUCT_NAME = "$(TARGET_NAME)";
				SDKROOT = macosx;
				SWIFT_ACTIVE_COMPILATION_CONDITIONS = DEBUG;
				SWIFT_OPTIMIZATION_LEVEL = "-Onone";
				SWIFT_VERSION = 6.0;
			};
			name = Debug;
		};
		789A7D93F7D9B7384EC85818 /* Release */ = {
			isa = XCBuildConfiguration;
			buildSettings = {
				ALWAYS_SEARCH_USER_PATHS = NO;
				CLANG_ANALYZER_NONNULL = YES;
				CLANG_ANALYZER_NUMBER_OBJECT_CONVERSION = YES_AGGRESSIVE;
				CLANG_CXX_LANGUAGE_STANDARD = "gnu++14";
				CLANG_CXX_LIBRARY = "libc++";
				CLANG_ENABLE_MODULES = YES;
				CLANG_ENABLE_OBJC_ARC = YES;
				CLANG_ENABLE_OBJC_WEAK = YES;
				CLANG_WARN_BLOCK_CAPTURE_AUTORELEASING = YES;
				CLANG_WARN_BOOL_CONVERSION = YES;
				CLANG_WARN_COMMA = YES;
				CLANG_WARN_CONSTANT_CONVERSION = YES;
				CLANG_WARN_DEPRECATED_OBJC_IMPLEMENTATIONS = YES;
				CLANG_WARN_DIRECT_OBJC_ISA_USAGE = YES_ERROR;
				CLANG_WARN_DOCUMENTATION_COMMENTS = YES;
				CLANG_WARN_EMPTY_BODY = YES;
				CLANG_WARN_ENUM_CONVERSION = YES;
				CLANG_WARN_INFINITE_RECURSION = YES;
				CLANG_WARN_INT_CONVERSION = YES;
				CLANG_WARN_NON_LITERAL_NULL_CONVERSION = YES;
				CLANG_WARN_OBJC_IMPLICIT_RETAIN_SELF = YES;
				CLANG_WARN_OBJC_LITERAL_CONVERSION = YES;
				CLANG_WARN_OBJC_ROOT_CLASS = YES_ERROR;
				CLANG_WARN_QUOTED_INCLUDE_IN_FRAMEWORK_HEADER = YES;
				CLANG_WARN_RANGE_LOOP_ANALYSIS = YES;
				CLANG_WARN_STRICT_PROTOTYPES = YES;
				CLANG_WARN_SUSPICIOUS_MOVE = YES;
				CLANG_WARN_UNGUARDED_AVAILABILITY = YES_AGGRESSIVE;
				CLANG_WARN_UNREACHABLE_CODE = YES;
				CLANG_WARN__DUPLICATE_METHOD_MATCH = YES;
				COPY_PHASE_STRIP = NO;
				CURRENT_PROJECT_VERSION = 1;
				DEBUG_INFORMATION_FORMAT = "dwarf-with-dsym";
				DEVELOPMENT_LANGUAGE = "zh-Hans";
				ENABLE_NS_ASSERTIONS = NO;
				ENABLE_STRICT_OBJC_MSGSEND = YES;
				GCC_C_LANGUAGE_STANDARD = gnu11;
				GCC_NO_COMMON_BLOCKS = YES;
				GCC_WARN_64_TO_32_BIT_CONVERSION = YES;
				GCC_WARN_ABOUT_RETURN_TYPE = YES_ERROR;
				GCC_WARN_UNDECLARED_SELECTOR = YES;
				GCC_WARN_UNINITIALIZED_AUTOS = YES_AGGRESSIVE;
				GCC_WARN_UNUSED_FUNCTION = YES;
				GCC_WARN_UNUSED_VARIABLE = YES;
				MACOSX_DEPLOYMENT_TARGET = 15.0;
				MARKETING_VERSION = 0.1.0;
				MTL_ENABLE_DEBUG_INFO = NO;
				MTL_FAST_MATH = YES;
				PRODUCT_NAME = "$(TARGET_NAME)";
				SDKROOT = macosx;
				SWIFT_COMPILATION_MODE = wholemodule;
				SWIFT_OPTIMIZATION_LEVEL = "-O";
				SWIFT_VERSION = 6.0;
			};
			name = Release;
		};
		C809DC38C97D3C6AD2BB9D23 /* Release */ = {
			isa = XCBuildConfiguration;
			buildSettings = {
				ASSETCATALOG_COMPILER_APPICON_NAME = Drizzle;
				ASSETCATALOG_COMPILER_GLOBAL_ACCENT_COLOR_NAME = AccentColor;
				CODE_SIGN_STYLE = Automatic;
				COMBINE_HIDPI_IMAGES = YES;
				DEVELOPMENT_LANGUAGE = "zh-Hans";
				ENABLE_HARDENED_RUNTIME = YES;
				GENERATE_INFOPLIST_FILE = YES;
				INFOPLIST_KEY_CFBundleIconName = Drizzle;
				INFOPLIST_KEY_LSUIElement = YES;
				INFOPLIST_KEY_NSHumanReadableCopyright = "";
				LD_RUNPATH_SEARCH_PATHS = (
					"$(inherited)",
					"@executable_path/../Frameworks",
				);
				PRODUCT_BUNDLE_IDENTIFIER = com.eli.Drizzle;
				SDKROOT = macosx;
			};
			name = Release;
		};
		D002B74F2EF0AAA76CFAE3B4 /* Debug */ = {
			isa = XCBuildConfiguration;
			buildSettings = {
				ASSETCATALOG_COMPILER_APPICON_NAME = Drizzle;
				ASSETCATALOG_COMPILER_GLOBAL_ACCENT_COLOR_NAME = AccentColor;
				CODE_SIGN_STYLE = Automatic;
				COMBINE_HIDPI_IMAGES = YES;
				DEVELOPMENT_LANGUAGE = "zh-Hans";
				ENABLE_HARDENED_RUNTIME = YES;
				GENERATE_INFOPLIST_FILE = YES;
				INFOPLIST_KEY_CFBundleIconName = Drizzle;
				INFOPLIST_KEY_LSUIElement = YES;
				INFOPLIST_KEY_NSHumanReadableCopyright = "";
				LD_RUNPATH_SEARCH_PATHS = (
					"$(inherited)",
					"@executable_path/../Frameworks",
				);
				PRODUCT_BUNDLE_IDENTIFIER = com.eli.Drizzle;
				SDKROOT = macosx;
			};
			name = Debug;
		};
/* End XCBuildConfiguration section */

/* Begin XCConfigurationList section */
		5C89225C4563768C265C2611 /* Build configuration list for PBXProject "Drizzle" */ = {
			isa = XCConfigurationList;
			buildConfigurations = (
				2AB6298AE436AC168C1D3530 /* Debug */,
				789A7D93F7D9B7384EC85818 /* Release */,
			);
			defaultConfigurationIsVisible = 0;
			defaultConfigurationName = Debug;
		};
		F0F28A628F6F203D9988AFFC /* Build configuration list for PBXNativeTarget "Drizzle" */ = {
			isa = XCConfigurationList;
			buildConfigurations = (
				D002B74F2EF0AAA76CFAE3B4 /* Debug */,
				C809DC38C97D3C6AD2BB9D23 /* Release */,
			);
			defaultConfigurationIsVisible = 0;
			defaultConfigurationName = Debug;
		};
/* End XCConfigurationList section */
	};
	rootObject = 16ACAAF17E6BE6591C88BE20 /* Project object */;
}
